
Microsoft Visual Studio Solution File, Format Version 11.00
# Visual Studio 2010
Project("{FAE04EC0-301F-11D3-BF4B-00C04F79EFBC}") = "InterfaceToolTest", "InterfaceToolTest\InterfaceToolTest.csproj", "{C1AFE9EF-6C27-40E9-AE36-238DD8939627}"
EndProject
Project("{2150E333-8FDC-42A3-9474-1A3956D46DE8}") = "Solution Items", "Solution Items", "{19EF105C-1C56-4E73-8AF4-6D2F228A123E}"
EndProject
Project("{FAE04EC0-301F-11D3-BF4B-00C04F79EFBC}") = "TestInterfaceTool", "TestInterfaceTool\TestInterfaceTool.csproj", "{E885DF36-93AE-4DD6-9E0A-FDF2C08C1BB9}"
EndProject
Project("{E24C65DC-7377-472B-9ABA-BC803B73C61A}") = "WebSite1", "C:\Users\DELL\Documents\Visual Studio 2010\WebSites\WebSite1\", "{FB49430D-5EAE-4293-9CBD-8430597CA85F}"
	ProjectSection(WebsiteProperties) = preProject
		TargetFrameworkMoniker = ".NETFramework,Version%3Dv4.0"
		Debug.AspNetCompiler.VirtualPath = "/WebSite1"
		Debug.AspNetCompiler.PhysicalPath = "C:\Users\DELL\Documents\Visual Studio 2010\WebSites\WebSite1\"
		Debug.AspNetCompiler.TargetPath = "PrecompiledWeb\WebSite1\"
		Debug.AspNetCompiler.Updateable = "true"
		Debug.AspNetCompiler.ForceOverwrite = "true"
		Debug.AspNetCompiler.FixedNames = "false"
		Debug.AspNetCompiler.Debug = "True"
		Release.AspNetCompiler.VirtualPath = "/WebSite1"
		Release.AspNetCompiler.PhysicalPath = "C:\Users\DELL\Documents\Visual Studio 2010\WebSites\WebSite1\"
		Release.AspNetCompiler.TargetPath = "PrecompiledWeb\WebSite1\"
		Release.AspNetCompiler.Updateable = "true"
		Release.AspNetCompiler.ForceOverwrite = "true"
		Release.AspNetCompiler.FixedNames = "false"
		Release.AspNetCompiler.Debug = "False"
		VWDPort = "63041"
		DefaultWebSiteLanguage = "Visual C#"
	EndProjectSection
EndProject
Global
	GlobalSection(SolutionConfigurationPlatforms) = preSolution
		Debug|Any CPU = Debug|Any CPU
		Debug|Mixed Platforms = Debug|Mixed Platforms
		Debug|x86 = Debug|x86
		Release|Any CPU = Release|Any CPU
		Release|Mixed Platforms = Release|Mixed Platforms
		Release|x86 = Release|x86
	EndGlobalSection
	GlobalSection(ProjectConfigurationPlatforms) = postSolution
		{C1AFE9EF-6C27-40E9-AE36-238DD8939627}.Debug|Any CPU.ActiveCfg = Debug|Any CPU
		{C1AFE9EF-6C27-40E9-AE36-238DD8939627}.Debug|Any CPU.Build.0 = Debug|Any CPU
		{C1AFE9EF-6C27-40E9-AE36-238DD8939627}.Debug|Mixed Platforms.ActiveCfg = Debug|Any CPU
		{C1AFE9EF-6C27-40E9-AE36-238DD8939627}.Debug|Mixed Platforms.Build.0 = Debug|Any CPU
		{C1AFE9EF-6C27-40E9-AE36-238DD8939627}.Debug|x86.ActiveCfg = Debug|Any CPU
		{C1AFE9EF-6C27-40E9-AE36-238DD8939627}.Release|Any CPU.ActiveCfg = Release|Any CPU
		{C1AFE9EF-6C27-40E9-AE36-238DD8939627}.Release|Any CPU.Build.0 = Release|Any CPU
		{C1AFE9EF-6C27-40E9-AE36-238DD8939627}.Release|Mixed Platforms.ActiveCfg = Release|Any CPU
		{C1AFE9EF-6C27-40E9-AE36-238DD8939627}.Release|Mixed Platforms.Build.0 = Release|Any CPU
		{C1AFE9EF-6C27-40E9-AE36-238DD8939627}.Release|x86.ActiveCfg = Release|Any CPU
		{E885DF36-93AE-4DD6-9E0A-FDF2C08C1BB9}.Debug|Any CPU.ActiveCfg = Debug|x86
		{E885DF36-93AE-4DD6-9E0A-FDF2C08C1BB9}.Debug|Mixed Platforms.ActiveCfg = Debug|x86
		{E885DF36-93AE-4DD6-9E0A-FDF2C08C1BB9}.Debug|Mixed Platforms.Build.0 = Debug|x86
		{E885DF36-93AE-4DD6-9E0A-FDF2C08C1BB9}.Debug|x86.ActiveCfg = Debug|x86
		{E885DF36-93AE-4DD6-9E0A-FDF2C08C1BB9}.Debug|x86.Build.0 = Debug|x86
		{E885DF36-93AE-4DD6-9E0A-FDF2C08C1BB9}.Release|Any CPU.ActiveCfg = Release|x86
		{E885DF36-93AE-4DD6-9E0A-FDF2C08C1BB9}.Release|Mixed Platforms.ActiveCfg = Release|x86
		{E885DF36-93AE-4DD6-9E0A-FDF2C08C1BB9}.Release|Mixed Platforms.Build.0 = Release|x86
		{E885DF36-93AE-4DD6-9E0A-FDF2C08C1BB9}.Release|x86.ActiveCfg = Release|x86
		{E885DF36-93AE-4DD6-9E0A-FDF2C08C1BB9}.Release|x86.Build.0 = Release|x86
		{FB49430D-5EAE-4293-9CBD-8430597CA85F}.Debug|Any CPU.ActiveCfg = Debug|Any CPU
		{FB49430D-5EAE-4293-9CBD-8430597CA85F}.Debug|Any CPU.Build.0 = Debug|Any CPU
		{FB49430D-5EAE-4293-9CBD-8430597CA85F}.Debug|Mixed Platforms.ActiveCfg = Debug|Any CPU
		{FB49430D-5EAE-4293-9CBD-8430597CA85F}.Debug|Mixed Platforms.Build.0 = Debug|Any CPU
		{FB49430D-5EAE-4293-9CBD-8430597CA85F}.Debug|x86.ActiveCfg = Debug|Any CPU
		{FB49430D-5EAE-4293-9CBD-8430597CA85F}.Release|Any CPU.ActiveCfg = Debug|Any CPU
		{FB49430D-5EAE-4293-9CBD-8430597CA85F}.Release|Any CPU.Build.0 = Debug|Any CPU
		{FB49430D-5EAE-4293-9CBD-8430597CA85F}.Release|Mixed Platforms.ActiveCfg = Debug|Any CPU
		{FB49430D-5EAE-4293-9CBD-8430597CA85F}.Release|Mixed Platforms.Build.0 = Debug|Any CPU
		{FB49430D-5EAE-4293-9CBD-8430597CA85F}.Release|x86.ActiveCfg = Debug|Any CPU
	EndGlobalSection
	GlobalSection(SolutionProperties) = preSolution
		HideSolutionNode = FALSE
	EndGlobalSection
EndGlobal
